
Microsoft Visual Studio Solution File, Format Version 12.00
# Visual Studio Version 17
VisualStudioVersion = 17.5.002.0
MinimumVisualStudioVersion = 10.0.40219.1
Project("{9A19103F-16F7-4668-BE54-9A1E7A4F7556}") = "ModVsBit", "ModVsBit.csproj", "{BF58E6DE-38CA-4DD0-9989-33B688D48FB5}"
EndProject
Global
	GlobalSection(SolutionConfigurationPlatforms) = preSolution
		Debug|Any CPU = Debug|Any CPU
		Release|Any CPU = Release|Any CPU
	EndGlobalSection
	GlobalSection(ProjectConfigurationPlatforms) = postSolution
		{BF58E6DE-38CA-4DD0-9989-33B688D48FB5}.Debug|Any CPU.ActiveCfg = Debug|Any CPU
		{BF58E6DE-38CA-4DD0-9989-33B688D48FB5}.Debug|Any CPU.Build.0 = Debug|Any CPU
		{BF58E6DE-38CA-4DD0-9989-33B688D48FB5}.Release|Any CPU.ActiveCfg = Release|Any CPU
		{BF58E6DE-38CA-4DD0-9989-33B688D48FB5}.Release|Any CPU.Build.0 = Release|Any CPU
	EndGlobalSection
	GlobalSection(SolutionProperties) = preSolution
		HideSolutionNode = FALSE
	EndGlobalSection
	GlobalSection(ExtensibilityGlobals) = postSolution
		SolutionGuid = {842C2CF4-B0E2-492A-9F96-DB8413B10F4F}
	EndGlobalSection
EndGlobal
